
Microsoft Visual Studio Solution File, Format Version 12.00
# Visual Studio Version 17
VisualStudioVersion = 17.9.34622.214
MinimumVisualStudioVersion = 10.0.40219.1
Project("{FAE04EC0-301F-11D3-BF4B-00C04F79EFBC}") = "angular-crud-app.Server", "angular-crud-app.Server\angular-crud-app.Server.csproj", "{BC07CA96-7652-4ADC-84EF-975E1F1AD042}"
EndProject
Project("{54A90642-561A-4BB1-A94E-469ADEE60C69}") = "angular-crud-app.client", "angular-crud-app.client\angular-crud-app.client.esproj", "{FDAE401C-CD58-423F-BFD5-524752827824}"
EndProject
Global
	GlobalSection(SolutionConfigurationPlatforms) = preSolution
		Debug|Any CPU = Debug|Any CPU
		Release|Any CPU = Release|Any CPU
	EndGlobalSection
	GlobalSection(ProjectConfigurationPlatforms) = postSolution
		{BC07CA96-7652-4ADC-84EF-975E1F1AD042}.Debug|Any CPU.ActiveCfg = Debug|Any CPU
		{BC07CA96-7652-4ADC-84EF-975E1F1AD042}.Debug|Any CPU.Build.0 = Debug|Any CPU
		{BC07CA96-7652-4ADC-84EF-975E1F1AD042}.Release|Any CPU.ActiveCfg = Release|Any CPU
		{BC07CA96-7652-4ADC-84EF-975E1F1AD042}.Release|Any CPU.Build.0 = Release|Any CPU
		{FDAE401C-CD58-423F-BFD5-524752827824}.Debug|Any CPU.ActiveCfg = Debug|Any CPU
		{FDAE401C-CD58-423F-BFD5-524752827824}.Debug|Any CPU.Build.0 = Debug|Any CPU
		{FDAE401C-CD58-423F-BFD5-524752827824}.Debug|Any CPU.Deploy.0 = Debug|Any CPU
		{FDAE401C-CD58-423F-BFD5-524752827824}.Release|Any CPU.ActiveCfg = Release|Any CPU
		{FDAE401C-CD58-423F-BFD5-524752827824}.Release|Any CPU.Build.0 = Release|Any CPU
		{FDAE401C-CD58-423F-BFD5-524752827824}.Release|Any CPU.Deploy.0 = Release|Any CPU
	EndGlobalSection
	GlobalSection(SolutionProperties) = preSolution
		HideSolutionNode = FALSE
	EndGlobalSection
	GlobalSection(ExtensibilityGlobals) = postSolution
		SolutionGuid = {F7318017-2CE7-4064-A60E-282D90981CBA}
	EndGlobalSection
EndGlobal
